
Microsoft Visual Studio Solution File, Format Version 12.00
# Visual Studio 2012
Project("{FAE04EC0-301F-11D3-BF4B-00C04F79EFBC}") = "Demo", "Demo\Demo.csproj", "{55494BF7-A0D9-432F-A4BB-D27B15122DD2}"
EndProject
Project("{2150E333-8FDC-42A3-9474-1A3956D46DE8}") = ".nuget", ".nuget", "{76719B36-37A2-4CED-A894-9D0EC0EF1FAD}"
	ProjectSection(SolutionItems) = preProject
		.nuget\packages.config = .nuget\packages.config
	EndProjectSection
EndProject
Project("{2150E333-8FDC-42A3-9474-1A3956D46DE8}") = "Solution Items", "Solution Items", "{96FEAC0A-5958-454F-96CA-56F951202F29}"
	ProjectSection(SolutionItems) = preProject
		test.bat = test.bat
	EndProjectSection
EndProject
Global
	GlobalSection(SolutionConfigurationPlatforms) = preSolution
		Debug|Any CPU = Debug|Any CPU
		Release|Any CPU = Release|Any CPU
	EndGlobalSection
	GlobalSection(ProjectConfigurationPlatforms) = postSolution
		{55494BF7-A0D9-432F-A4BB-D27B15122DD2}.Debug|Any CPU.ActiveCfg = Debug|Any CPU
		{55494BF7-A0D9-432F-A4BB-D27B15122DD2}.Debug|Any CPU.Build.0 = Debug|Any CPU
		{55494BF7-A0D9-432F-A4BB-D27B15122DD2}.Release|Any CPU.ActiveCfg = Release|Any CPU
		{55494BF7-A0D9-432F-A4BB-D27B15122DD2}.Release|Any CPU.Build.0 = Release|Any CPU
	EndGlobalSection
	GlobalSection(SolutionProperties) = preSolution
		HideSolutionNode = FALSE
	EndGlobalSection
EndGlobal
